// !$*UTF8*$!
{
	archiveVersion = 1;
	classes = {
	};
	objectVersion = 50;
	objects = {

/* Begin PBXBuildFile section */
		55929B1823B459750043C6A9 /* AppDelegate.swift in Sources */ = {isa = PBXBuildFile; fileRef = 55929B1723B459750043C6A9 /* AppDelegate.swift */; };
		55929B1A23B459750043C6A9 /* SceneDelegate.swift in Sources */ = {isa = PBXBuildFile; fileRef = 55929B1923B459750043C6A9 /* SceneDelegate.swift */; };
		55929B1C23B459750043C6A9 /* ViewController.swift in Sources */ = {isa = PBXBuildFile; fileRef = 55929B1B23B459750043C6A9 /* ViewController.swift */; };
		55929B1F23B459750043C6A9 /* Main.storyboard in Resources */ = {isa = PBXBuildFile; fileRef = 55929B1D23B459750043C6A9 /* Main.storyboard */; };
		55929B2123B4597C0043C6A9 /* Assets.xcassets in Resources */ = {isa = PBXBuildFile; fileRef = 55929B2023B4597C0043C6A9 /* Assets.xcassets */; };
		55929B2423B4597C0043C6A9 /* LaunchScreen.storyboard in Resources */ = {isa = PBXBuildFile; fileRef = 55929B2223B4597C0043C6A9 /* LaunchScreen.storyboard */; };
		55929B2F23B4597D0043C6A9 /* ExperimentTextViewTests.swift in Sources */ = {isa = PBXBuildFile; fileRef = 55929B2E23B4597D0043C6A9 /* ExperimentTextViewTests.swift */; };
		55929B3A23B4597D0043C6A9 /* ExperimentTextViewUITests.swift in Sources */ = {isa = PBXBuildFile; fileRef = 55929B3923B4597D0043C6A9 /* ExperimentTextViewUITests.swift */; };
		55929B4823B45B290043C6A9 /* ExperimentedtView.swift in Sources */ = {isa = PBXBuildFile; fileRef = 55929B4723B45B290043C6A9 /* ExperimentedtView.swift */; };
/* End PBXBuildFile section */

/* Begin PBXContainerItemProxy section */
		55929B2B23B4597D0043C6A9 /* PBXContainerItemProxy */ = {
			isa = PBXContainerItemProxy;
			containerPortal = 55929B0C23B459750043C6A9 /* Project object */;
			proxyType = 1;
			remoteGlobalIDString = 55929B1323B459750043C6A9;
			remoteInfo = ExperimentTextView;
		};
		55929B3623B4597D0043C6A9 /* PBXContainerItemProxy */ = {
			isa = PBXContainerItemProxy;
			containerPortal = 55929B0C23B459750043C6A9 /* Project object */;
			proxyType = 1;
			remoteGlobalIDString = 55929B1323B459750043C6A9;
			remoteInfo = ExperimentTextView;
		};
/* End PBXContainerItemProxy section */

/* Begin PBXFileReference section */
		55929B1423B459750043C6A9 /* ExperimentTextView.app */ = {isa = PBXFileReference; explicitFileType = wrapper.application; includeInIndex = 0; path = ExperimentTextView.app; sourceTree = BUILT_PRODUCTS_DIR; };
		55929B1723B459750043C6A9 /* AppDelegate.swift */ = {isa = PBXFileReference; lastKnownFileType = sourcecode.swift; path = AppDelegate.swift; sourceTree = "<group>"; };
		55929B1923B459750043C6A9 /* SceneDelegate.swift */ = {isa = PBXFileReference; lastKnownFileType = sourcecode.swift; path = SceneDelegate.swift; sourceTree = "<group>"; };
		55929B1B23B459750043C6A9 /* ViewController.swift */ = {isa = PBXFileReference; lastKnownFileType = sourcecode.swift; path = ViewController.swift; sourceTree = "<group>"; };
		55929B1E23B459750043C6A9 /* Base */ = {isa = PBXFileReference; lastKnownFileType = file.storyboard; name = Base; path = Base.lproj/Main.storyboard; sourceTree = "<group>"; };
		55929B2023B4597C0043C6A9 /* Assets.xcassets */ = {isa = PBXFileReference; lastKnownFileType = folder.assetcatalog; path = Assets.xcassets; sourceTree = "<group>"; };
		55929B2323B4597C0043C6A9 /* Base */ = {isa = PBXFileReference; lastKnownFileType = file.storyboard; name = Base; path = Base.lproj/LaunchScreen.storyboard; sourceTree = "<group>"; };
		55929B2523B4597C0043C6A9 /* Info.plist */ = {isa = PBXFileReference; lastKnownFileType = text.plist.xml; path = Info.plist; sourceTree = "<group>"; };
		55929B2A23B4597D0043C6A9 /* ExperimentTextViewTests.xctest */ = {isa = PBXFileReference; explicitFileType = wrapper.cfbundle; includeInIndex = 0; path = ExperimentTextViewTests.xctest; sourceTree = BUILT_PRODUCTS_DIR; };
		55929B2E23B4597D0043C6A9 /* ExperimentTextViewTests.swift */ = {isa = PBXFileReference; lastKnownFileType = sourcecode.swift; path = ExperimentTextViewTests.swift; sourceTree = "<group>"; };
		55929B3023B4597D0043C6A9 /* Info.plist */ = {isa = PBXFileReference; lastKnownFileType = text.plist.xml; path = Info.plist; sourceTree = "<group>"; };
		55929B3523B4597D0043C6A9 /* ExperimentTextViewUITests.xctest */ = {isa = PBXFileReference; explicitFileType = wrapper.cfbundle; includeInIndex = 0; path = ExperimentTextViewUITests.xctest; sourceTree = BUILT_PRODUCTS_DIR; };
		55929B3923B4597D0043C6A9 /* ExperimentTextViewUITests.swift */ = {isa = PBXFileReference; lastKnownFileType = sourcecode.swift; path = ExperimentTextViewUITests.swift; sourceTree = "<group>"; };
		55929B3B23B4597D0043C6A9 /* Info.plist */ = {isa = PBXFileReference; lastKnownFileType = text.plist.xml; path = Info.plist; sourceTree = "<group>"; };
		55929B4723B45B290043C6A9 /* ExperimentedtView.swift */ = {isa = PBXFileReference; lastKnownFileType = sourcecode.swift; path = ExperimentedtView.swift; sourceTree = "<group>"; };
/* End PBXFileReference section */

/* Begin PBXFrameworksBuildPhase section */
		55929B1123B459750043C6A9 /* Frameworks */ = {
			isa = PBXFrameworksBuildPhase;
			buildActionMask = 2147483647;
			files = (
			);
			runOnlyForDeploymentPostprocessing = 0;
		};
		55929B2723B4597D0043C6A9 /* Frameworks */ = {
			isa = PBXFrameworksBuildPhase;
			buildActionMask = 2147483647;
			files = (
			);
			runOnlyForDeploymentPostprocessing = 0;
		};
		55929B3223B4597D0043C6A9 /* Frameworks */ = {
			isa = PBXFrameworksBuildPhase;
			buildActionMask = 2147483647;
			files = (
			);
			runOnlyForDeploymentPostprocessing = 0;
		};
/* End PBXFrameworksBuildPhase section */

/* Begin PBXGroup section */
		55929B0B23B459750043C6A9 = {
			isa = PBXGroup;
			children = (
				55929B1623B459750043C6A9 /* ExperimentTextView */,
				55929B2D23B4597D0043C6A9 /* ExperimentTextViewTests */,
				55929B3823B4597D0043C6A9 /* ExperimentTextViewUITests */,
				55929B1523B459750043C6A9 /* Products */,
			);
			sourceTree = "<group>";
		};
		55929B1523B459750043C6A9 /* Products */ = {
			isa = PBXGroup;
			children = (
				55929B1423B459750043C6A9 /* ExperimentTextView.app */,
				55929B2A23B4597D0043C6A9 /* ExperimentTextViewTests.xctest */,
				55929B3523B4597D0043C6A9 /* ExperimentTextViewUITests.xctest */,
			);
			name = Products;
			sourceTree = "<group>";
		};
		55929B1623B459750043C6A9 /* ExperimentTextView */ = {
			isa = PBXGroup;
			children = (
				55929B1723B459750043C6A9 /* AppDelegate.swift */,
				55929B1923B459750043C6A9 /* SceneDelegate.swift */,
				55929B1B23B459750043C6A9 /* ViewController.swift */,
				55929B4723B45B290043C6A9 /* ExperimentedtView.swift */,
				55929B1D23B459750043C6A9 /* Main.storyboard */,
				55929B2023B4597C0043C6A9 /* Assets.xcassets */,
				55929B2223B4597C0043C6A9 /* LaunchScreen.storyboard */,
				55929B2523B4597C0043C6A9 /* Info.plist */,
			);
			path = ExperimentTextView;
			sourceTree = "<group>";
		};
		55929B2D23B4597D0043C6A9 /* ExperimentTextViewTests */ = {
			isa = PBXGroup;
			children = (
				55929B2E23B4597D0043C6A9 /* ExperimentTextViewTests.swift */,
				55929B3023B4597D0043C6A9 /* Info.plist */,
			);
			path = ExperimentTextViewTests;
			sourceTree = "<group>";
		};
		55929B3823B4597D0043C6A9 /* ExperimentTextViewUITests */ = {
			isa = PBXGroup;
			children = (
				55929B3923B4597D0043C6A9 /* ExperimentTextViewUITests.swift */,
				55929B3B23B4597D0043C6A9 /* Info.plist */,
			);
			path = ExperimentTextViewUITests;
			sourceTree = "<group>";
		};
/* End PBXGroup section */

/* Begin PBXNativeTarget section */
		55929B1323B459750043C6A9 /* ExperimentTextView */ = {
			isa = PBXNativeTarget;
			buildConfigurationList = 55929B3E23B4597D0043C6A9 /* Build configuration list for PBXNativeTarget "ExperimentTextView" */;
			buildPhases = (
				55929B1023B459750043C6A9 /* Sources */,
				55929B1123B459750043C6A9 /* Frameworks */,
				55929B1223B459750043C6A9 /* Resources */,
			);
			buildRules = (
			);
			dependencies = (
			);
			name = ExperimentTextView;
			productName = ExperimentTextView;
			productReference = 55929B1423B459750043C6A9 /* ExperimentTextView.app */;
			productType = "com.apple.product-type.application";
		};
		55929B2923B4597D0043C6A9 /* ExperimentTextViewTests */ = {
			isa = PBXNativeTarget;
			buildConfigurationList = 55929B4123B4597D0043C6A9 /* Build configuration list for PBXNativeTarget "ExperimentTextViewTests" */;
			buildPhases = (
				55929B2623B4597D0043C6A9 /* Sources */,
				55929B2723B4597D0043C6A9 /* Frameworks */,
				55929B2823B4597D0043C6A9 /* Resources */,
			);
			buildRules = (
			);
			dependencies = (
				55929B2C23B4597D0043C6A9 /* PBXTargetDependency */,
			);
			name = ExperimentTextViewTests;
			productName = ExperimentTextViewTests;
			productReference = 55929B2A23B4597D0043C6A9 /* ExperimentTextViewTests.xctest */;
			productType = "com.apple.product-type.bundle.unit-test";
		};
		55929B3423B4597D0043C6A9 /* ExperimentTextViewUITests */ = {
			isa = PBXNativeTarget;
			buildConfigurationList = 55929B4423B4597D0043C6A9 /* Build configuration list for PBXNativeTarget "ExperimentTextViewUITests" */;
			buildPhases = (
				55929B3123B4597D0043C6A9 /* Sources */,
				55929B3223B4597D0043C6A9 /* Frameworks */,
				55929B3323B4597D0043C6A9 /* Resources */,
			);
			buildRules = (
			);
			dependencies = (
				55929B3723B4597D0043C6A9 /* PBXTargetDependency */,
			);
			name = ExperimentTextViewUITests;
			productName = ExperimentTextViewUITests;
			productReference = 55929B3523B4597D0043C6A9 /* ExperimentTextViewUITests.xctest */;
			productType = "com.apple.product-type.bundle.ui-testing";
		};
/* End PBXNativeTarget section */

/* Begin PBXProject section */
		55929B0C23B459750043C6A9 /* Project object */ = {
			isa = PBXProject;
			attributes = {
				LastSwiftUpdateCheck = 1130;
				LastUpgradeCheck = 1130;
				ORGANIZATIONNAME = "Ashis Laha";
				TargetAttributes = {
					55929B1323B459750043C6A9 = {
						CreatedOnToolsVersion = 11.3;
					};
					55929B2923B4597D0043C6A9 = {
						CreatedOnToolsVersion = 11.3;
						TestTargetID = 55929B1323B459750043C6A9;
					};
					55929B3423B4597D0043C6A9 = {
						CreatedOnToolsVersion = 11.3;
						TestTargetID = 55929B1323B459750043C6A9;
					};
				};
			};
			buildConfigurationList = 55929B0F23B459750043C6A9 /* Build configuration list for PBXProject "ExperimentTextView" */;
			compatibilityVersion = "Xcode 9.3";
			developmentRegion = en;
			hasScannedForEncodings = 0;
			knownRegions = (
				en,
				Base,
			);
			mainGroup = 55929B0B23B459750043C6A9;
			productRefGroup = 55929B1523B459750043C6A9 /* Products */;
			projectDirPath = "";
			projectRoot = "";
			targets = (
				55929B1323B459750043C6A9 /* ExperimentTextView */,
				55929B2923B4597D0043C6A9 /* ExperimentTextViewTests */,
				55929B3423B4597D0043C6A9 /* ExperimentTextViewUITests */,
			);
		};
/* End PBXProject section */

/* Begin PBXResourcesBuildPhase section */
		55929B1223B459750043C6A9 /* Resources */ = {
			isa = PBXResourcesBuildPhase;
			buildActionMask = 2147483647;
			files = (
				55929B2423B4597C0043C6A9 /* LaunchScreen.storyboard in Resources */,
				55929B2123B4597C0043C6A9 /* Assets.xcassets in Resources */,
				55929B1F23B459750043C6A9 /* Main.storyboard in Resources */,
			);
			runOnlyForDeploymentPostprocessing = 0;
		};
		55929B2823B4597D0043C6A9 /* Resources */ = {
			isa = PBXResourcesBuildPhase;
			buildActionMask = 2147483647;
			files = (
			);
			runOnlyForDeploymentPostprocessing = 0;
		};
		55929B3323B4597D0043C6A9 /* Resources */ = {
			isa = PBXResourcesBuildPhase;
			buildActionMask = 2147483647;
			files = (
			);
			runOnlyForDeploymentPostprocessing = 0;
		};
/* End PBXResourcesBuildPhase section */

/* Begin PBXSourcesBuildPhase section */
		55929B1023B459750043C6A9 /* Sources */ = {
			isa = PBXSourcesBuildPhase;
			buildActionMask = 2147483647;
			files = (
				55929B4823B45B290043C6A9 /* ExperimentedtView.swift in Sources */,
				55929B1C23B459750043C6A9 /* ViewController.swift in Sources */,
				55929B1823B459750043C6A9 /* AppDelegate.swift in Sources */,
				55929B1A23B459750043C6A9 /* SceneDelegate.swift in Sources */,
			);
			runOnlyForDeploymentPostprocessing = 0;
		};
		55929B2623B4597D0043C6A9 /* Sources */ = {
			isa = PBXSourcesBuildPhase;
			buildActionMask = 2147483647;
			files = (
				55929B2F23B4597D0043C6A9 /* ExperimentTextViewTests.swift in Sources */,
			);
			runOnlyForDeploymentPostprocessing = 0;
		};
		55929B3123B4597D0043C6A9 /* Sources */ = {
			isa = PBXSourcesBuildPhase;
			buildActionMask = 2147483647;
			files = (
				55929B3A23B4597D0043C6A9 /* ExperimentTextViewUITests.swift in Sources */,
			);
			runOnlyForDeploymentPostprocessing = 0;
		};
/* End PBXSourcesBuildPhase section */

/* Begin PBXTargetDependency section */
		55929B2C23B4597D0043C6A9 /* PBXTargetDependency */ = {
			isa = PBXTargetDependency;
			target = 55929B1323B459750043C6A9 /* ExperimentTextView */;
			targetProxy = 55929B2B23B4597D0043C6A9 /* PBXContainerItemProxy */;
		};
		55929B3723B4597D0043C6A9 /* PBXTargetDependency */ = {
			isa = PBXTargetDependency;
			target = 55929B1323B459750043C6A9 /* ExperimentTextView */;
			targetProxy = 55929B3623B4597D0043C6A9 /* PBXContainerItemProxy */;
		};
/* End PBXTargetDependency section */

/* Begin PBXVariantGroup section */
		55929B1D23B459750043C6A9 /* Main.storyboard */ = {
			isa = PBXVariantGroup;
			children = (
				55929B1E23B459750043C6A9 /* Base */,
			);
			name = Main.storyboard;
			sourceTree = "<group>";
		};
		55929B2223B4597C0043C6A9 /* LaunchScreen.storyboard */ = {
			isa = PBXVariantGroup;
			children = (
				55929B2323B4597C0043C6A9 /* Base */,
			);
			name = LaunchScreen.storyboard;
			sourceTree = "<group>";
		};
/* End PBXVariantGroup section */

/* Begin XCBuildConfiguration section */
		55929B3C23B4597D0043C6A9 /* Debug */ = {
			isa = XCBuildConfiguration;
			buildSettings = {
				ALWAYS_SEARCH_USER_PATHS = NO;
				CLANG_ANALYZER_NONNULL = YES;
				CLANG_ANALYZER_NUMBER_OBJECT_CONVERSION = YES_AGGRESSIVE;
				CLANG_CXX_LANGUAGE_STANDARD = "gnu++14";
				CLANG_CXX_LIBRARY = "libc++";
				CLANG_ENABLE_MODULES = YES;
				CLANG_ENABLE_OBJC_ARC = YES;
				CLANG_ENABLE_OBJC_WEAK = YES;
				CLANG_WARN_BLOCK_CAPTURE_AUTORELEASING = YES;
				CLANG_WARN_BOOL_CONVERSION = YES;
				CLANG_WARN_COMMA = YES;
				CLANG_WARN_CONSTANT_CONVERSION = YES;
				CLANG_WARN_DEPRECATED_OBJC_IMPLEMENTATIONS = YES;
				CLANG_WARN_DIRECT_OBJC_ISA_USAGE = YES_ERROR;
				CLANG_WARN_DOCUMENTATION_COMMENTS = YES;
				CLANG_WARN_EMPTY_BODY = YES;
				CLANG_WARN_ENUM_CONVERSION = YES;
				CLANG_WARN_INFINITE_RECURSION = YES;
				CLANG_WARN_INT_CONVERSION = YES;
				CLANG_WARN_NON_LITERAL_NULL_CONVERSION = YES;
				CLANG_WARN_OBJC_IMPLICIT_RETAIN_SELF = YES;
				CLANG_WARN_OBJC_LITERAL_CONVERSION = YES;
				CLANG_WARN_OBJC_ROOT_CLASS = YES_ERROR;
				CLANG_WARN_RANGE_LOOP_ANALYSIS = YES;
				CLANG_WARN_STRICT_PROTOTYPES = YES;
				CLANG_WARN_SUSPICIOUS_MOVE = YES;
				CLANG_WARN_UNGUARDED_AVAILABILITY = YES_AGGRESSIVE;
				CLANG_WARN_UNREACHABLE_CODE = YES;
				CLANG_WARN__DUPLICATE_METHOD_MATCH = YES;
				COPY_PHASE_STRIP = NO;
				DEBUG_INFORMATION_FORMAT = dwarf;
				ENABLE_STRICT_OBJC_MSGSEND = YES;
				ENABLE_TESTABILITY = YES;
				GCC_C_LANGUAGE_STANDARD = gnu11;
				GCC_DYNAMIC_NO_PIC = NO;
				GCC_NO_COMMON_BLOCKS = YES;
				GCC_OPTIMIZATION_LEVEL = 0;
				GCC_PREPROCESSOR_DEFINITIONS = (
					"DEBUG=1",
					"$(inherited)",
				);
				GCC_WARN_64_TO_32_BIT_CONVERSION = YES;
				GCC_WARN_ABOUT_RETURN_TYPE = YES_ERROR;
				GCC_WARN_UNDECLARED_SELECTOR = YES;
				GCC_WARN_UNINITIALIZED_AUTOS = YES_AGGRESSIVE;
				GCC_WARN_UNUSED_FUNCTION = YES;
				GCC_WARN_UNUSED_VARIABLE = YES;
				IPHONEOS_DEPLOYMENT_TARGET = 13.2;
				MTL_ENABLE_DEBUG_INFO = INCLUDE_SOURCE;
				MTL_FAST_MATH = YES;
				ONLY_ACTIVE_ARCH = YES;
				SDKROOT = iphoneos;
				SWIFT_ACTIVE_COMPILATION_CONDITIONS = DEBUG;
				SWIFT_OPTIMIZATION_LEVEL = "-Onone";
			};
			name = Debug;
		};
		55929B3D23B4597D0043C6A9 /* Release */ = {
			isa = XCBuildConfiguration;
			buildSettings = {
				ALWAYS_SEARCH_USER_PATHS = NO;
				CLANG_ANALYZER_NONNULL = YES;
				CLANG_ANALYZER_NUMBER_OBJECT_CONVERSION = YES_AGGRESSIVE;
				CLANG_CXX_LANGUAGE_STANDARD = "gnu++14";
				CLANG_CXX_LIBRARY = "libc++";
				CLANG_ENABLE_MODULES = YES;
				CLANG_ENABLE_OBJC_ARC = YES;
				CLANG_ENABLE_OBJC_WEAK = YES;
				CLANG_WARN_BLOCK_CAPTURE_AUTORELEASING = YES;
				CLANG_WARN_BOOL_CONVERSION = YES;
				CLANG_WARN_COMMA = YES;
				CLANG_WARN_CONSTANT_CONVERSION = YES;
				CLANG_WARN_DEPRECATED_OBJC_IMPLEMENTATIONS = YES;
				CLANG_WARN_DIRECT_OBJC_ISA_USAGE = YES_ERROR;
				CLANG_WARN_DOCUMENTATION_COMMENTS = YES;
				CLANG_WARN_EMPTY_BODY = YES;
				CLANG_WARN_ENUM_CONVERSION = YES;
				CLANG_WARN_INFINITE_RECURSION = YES;
				CLANG_WARN_INT_CONVERSION = YES;
				CLANG_WARN_NON_LITERAL_NULL_CONVERSION = YES;
				CLANG_WARN_OBJC_IMPLICIT_RETAIN_SELF = YES;
				CLANG_WARN_OBJC_LITERAL_CONVERSION = YES;
				CLANG_WARN_OBJC_ROOT_CLASS = YES_ERROR;
				CLANG_WARN_RANGE_LOOP_ANALYSIS = YES;
				CLANG_WARN_STRICT_PROTOTYPES = YES;
				CLANG_WARN_SUSPICIOUS_MOVE = YES;
				CLANG_WARN_UNGUARDED_AVAILABILITY = YES_AGGRESSIVE;
				CLANG_WARN_UNREACHABLE_CODE = YES;
				CLANG_WARN__DUPLICATE_METHOD_MATCH = YES;
				COPY_PHASE_STRIP = NO;
				DEBUG_INFORMATION_FORMAT = "dwarf-with-dsym";
				ENABLE_NS_ASSERTIONS = NO;
				ENABLE_STRICT_OBJC_MSGSEND = YES;
				GCC_C_LANGUAGE_STANDARD = gnu11;
				GCC_NO_COMMON_BLOCKS = YES;
				GCC_WARN_64_TO_32_BIT_CONVERSION = YES;
				GCC_WARN_ABOUT_RETURN_TYPE = YES_ERROR;
				GCC_WARN_UNDECLARED_SELECTOR = YES;
				GCC_WARN_UNINITIALIZED_AUTOS = YES_AGGRESSIVE;
				GCC_WARN_UNUSED_FUNCTION = YES;
				GCC_WARN_UNUSED_VARIABLE = YES;
				IPHONEOS_DEPLOYMENT_TARGET = 13.2;
				MTL_ENABLE_DEBUG_INFO = NO;
				MTL_FAST_MATH = YES;
				SDKROOT = iphoneos;
				SWIFT_COMPILATION_MODE = wholemodule;
				SWIFT_OPTIMIZATION_LEVEL = "-O";
				VALIDATE_PRODUCT = YES;
			};
			name = Release;
		};
		55929B3F23B4597D0043C6A9 /* Debug */ = {
			isa = XCBuildConfiguration;
			buildSettings = {
				ASSETCATALOG_COMPILER_APPICON_NAME = AppIcon;
				CODE_SIGN_STYLE = Automatic;
				INFOPLIST_FILE = ExperimentTextView/Info.plist;
				LD_RUNPATH_SEARCH_PATHS = (
					"$(inherited)",
					"@executable_path/Frameworks",
				);
				PRODUCT_BUNDLE_IDENTIFIER = com.ashis.laha.ExperimentTextView;
				PRODUCT_NAME = "$(TARGET_NAME)";
				SWIFT_VERSION = 5.0;
				TARGETED_DEVICE_FAMILY = "1,2";
			};
			name = Debug;
		};
		55929B4023B4597D0043C6A9 /* Release */ = {
			isa = XCBuildConfiguration;
			buildSettings = {
				ASSETCATALOG_COMPILER_APPICON_NAME = AppIcon;
				CODE_SIGN_STYLE = Automatic;
				INFOPLIST_FILE = ExperimentTextView/Info.plist;
				LD_RUNPATH_SEARCH_PATHS = (
					"$(inherited)",
					"@executable_path/Frameworks",
				);
				PRODUCT_BUNDLE_IDENTIFIER = com.ashis.laha.ExperimentTextView;
				PRODUCT_NAME = "$(TARGET_NAME)";
				SWIFT_VERSION = 5.0;
				TARGETED_DEVICE_FAMILY = "1,2";
			};
			name = Release;
		};
		55929B4223B4597D0043C6A9 /* Debug */ = {
			isa = XCBuildConfiguration;
			buildSettings = {
				ALWAYS_EMBED_SWIFT_STANDARD_LIBRARIES = YES;
				BUNDLE_LOADER = "$(TEST_HOST)";
				CODE_SIGN_STYLE = Automatic;
				INFOPLIST_FILE = ExperimentTextViewTests/Info.plist;
				IPHONEOS_DEPLOYMENT_TARGET = 13.2;
				LD_RUNPATH_SEARCH_PATHS = (
					"$(inherited)",
					"@executable_path/Frameworks",
					"@loader_path/Frameworks",
				);
				PRODUCT_BUNDLE_IDENTIFIER = com.ashis.laha.ExperimentTextViewTests;
				PRODUCT_NAME = "$(TARGET_NAME)";
				SWIFT_VERSION = 5.0;
				TARGETED_DEVICE_FAMILY = "1,2";
				TEST_HOST = "$(BUILT_PRODUCTS_DIR)/ExperimentTextView.app/ExperimentTextView";
			};
			name = Debug;
		};
		55929B4323B4597D0043C6A9 /* Release */ = {
			isa = XCBuildConfiguration;
			buildSettings = {
				ALWAYS_EMBED_SWIFT_STANDARD_LIBRARIES = YES;
				BUNDLE_LOADER = "$(TEST_HOST)";
				CODE_SIGN_STYLE = Automatic;
				INFOPLIST_FILE = ExperimentTextViewTests/Info.plist;
				IPHONEOS_DEPLOYMENT_TARGET = 13.2;
				LD_RUNPATH_SEARCH_PATHS = (
					"$(inherited)",
					"@executable_path/Frameworks",
					"@loader_path/Frameworks",
				);
				PRODUCT_BUNDLE_IDENTIFIER = com.ashis.laha.ExperimentTextViewTests;
				PRODUCT_NAME = "$(TARGET_NAME)";
				SWIFT_VERSION = 5.0;
				TARGETED_DEVICE_FAMILY = "1,2";
				TEST_HOST = "$(BUILT_PRODUCTS_DIR)/ExperimentTextView.app/ExperimentTextView";
			};
			name = Release;
		};
		55929B4523B4597D0043C6A9 /* Debug */ = {
			isa = XCBuildConfiguration;
			buildSettings = {
				ALWAYS_EMBED_SWIFT_STANDARD_LIBRARIES = YES;
				CODE_SIGN_STYLE = Automatic;
				INFOPLIST_FILE = ExperimentTextViewUITests/Info.plist;
				LD_RUNPATH_SEARCH_PATHS = (
					"$(inherited)",
					"@executable_path/Frameworks",
					"@loader_path/Frameworks",
				);
				PRODUCT_BUNDLE_IDENTIFIER = com.ashis.laha.ExperimentTextViewUITests;
				PRODUCT_NAME = "$(TARGET_NAME)";
				SWIFT_VERSION = 5.0;
				TARGETED_DEVICE_FAMILY = "1,2";
				TEST_TARGET_NAME = ExperimentTextView;
			};
			name = Debug;
		};
		55929B4623B4597D0043C6A9 /* Release */ = {
			isa = XCBuildConfiguration;
			buildSettings = {
				ALWAYS_EMBED_SWIFT_STANDARD_LIBRARIES = YES;
				CODE_SIGN_STYLE = Automatic;
				INFOPLIST_FILE = ExperimentTextViewUITests/Info.plist;
				LD_RUNPATH_SEARCH_PATHS = (
					"$(inherited)",
					"@executable_path/Frameworks",
					"@loader_path/Frameworks",
				);
				PRODUCT_BUNDLE_IDENTIFIER = com.ashis.laha.ExperimentTextViewUITests;
				PRODUCT_NAME = "$(TARGET_NAME)";
				SWIFT_VERSION = 5.0;
				TARGETED_DEVICE_FAMILY = "1,2";
				TEST_TARGET_NAME = ExperimentTextView;
			};
			name = Release;
		};
/* End XCBuildConfiguration section */

/* Begin XCConfigurationList section */
		55929B0F23B459750043C6A9 /* Build configuration list for PBXProject "ExperimentTextView" */ = {
			isa = XCConfigurationList;
			buildConfigurations = (
				55929B3C23B4597D0043C6A9 /* Debug */,
				55929B3D23B4597D0043C6A9 /* Release */,
			);
			defaultConfigurationIsVisible = 0;
			defaultConfigurationName = Release;
		};
		55929B3E23B4597D0043C6A9 /* Build configuration list for PBXNativeTarget "ExperimentTextView" */ = {
			isa = XCConfigurationList;
			buildConfigurations = (
				55929B3F23B4597D0043C6A9 /* Debug */,
				55929B4023B4597D0043C6A9 /* Release */,
			);
			defaultConfigurationIsVisible = 0;
			defaultConfigurationName = Release;
		};
		55929B4123B4597D0043C6A9 /* Build configuration list for PBXNativeTarget "ExperimentTextViewTests" */ = {
			isa = XCConfigurationList;
			buildConfigurations = (
				55929B4223B4597D0043C6A9 /* Debug */,
				55929B4323B4597D0043C6A9 /* Release */,
			);
			defaultConfigurationIsVisible = 0;
			defaultConfigurationName = Release;
		};
		55929B4423B4597D0043C6A9 /* Build configuration list for PBXNativeTarget "ExperimentTextViewUITests" */ = {
			isa = XCConfigurationList;
			buildConfigurations = (
				55929B4523B4597D0043C6A9 /* Debug */,
				55929B4623B4597D0043C6A9 /* Release */,
			);
			defaultConfigurationIsVisible = 0;
			defaultConfigurationName = Release;
		};
/* End XCConfigurationList section */
	};
	rootObject = 55929B0C23B459750043C6A9 /* Project object */;
}
